
Microsoft Visual Studio Solution File, Format Version 12.00
# Visual Studio Version 16
VisualStudioVersion = 16.0.29418.71
MinimumVisualStudioVersion = 10.0.40219.1
Project("{9A19103F-16F7-4668-BE54-9A1E7A4F7556}") = "BinaryTools", "ConsoleApp1\BinaryTools.csproj", "{6252DA05-F3D1-4C61-B95E-9BD198C1BF37}"
EndProject
Global
	GlobalSection(SolutionConfigurationPlatforms) = preSolution
		Debug|Any CPU = Debug|Any CPU
		Release|Any CPU = Release|Any CPU
	EndGlobalSection
	GlobalSection(ProjectConfigurationPlatforms) = postSolution
		{6252DA05-F3D1-4C61-B95E-9BD198C1BF37}.Debug|Any CPU.ActiveCfg = Debug|Any CPU
		{6252DA05-F3D1-4C61-B95E-9BD198C1BF37}.Debug|Any CPU.Build.0 = Debug|Any CPU
		{6252DA05-F3D1-4C61-B95E-9BD198C1BF37}.Release|Any CPU.ActiveCfg = Release|Any CPU
		{6252DA05-F3D1-4C61-B95E-9BD198C1BF37}.Release|Any CPU.Build.0 = Release|Any CPU
	EndGlobalSection
	GlobalSection(SolutionProperties) = preSolution
		HideSolutionNode = FALSE
	EndGlobalSection
	GlobalSection(ExtensibilityGlobals) = postSolution
		SolutionGuid = {95820F4D-B9E4-46F0-A55F-855508F1E581}
	EndGlobalSection
EndGlobal
